
Microsoft Visual Studio Solution File, Format Version 12.00
# Visual Studio Version 17
VisualStudioVersion = 17.13.35931.197 d17.13
MinimumVisualStudioVersion = 10.0.40219.1
Project("{FAE04EC0-301F-11D3-BF4B-00C04F79EFBC}") = "MarketDashboard", "MarketDashboard\MarketDashboard.csproj", "{4CEC57AE-9D79-4636-BE5E-A9B817B70430}"
EndProject
Global
	GlobalSection(SolutionConfigurationPlatforms) = preSolution
		Debug|Any CPU = Debug|Any CPU
		Release|Any CPU = Release|Any CPU
	EndGlobalSection
	GlobalSection(ProjectConfigurationPlatforms) = postSolution
		{4CEC57AE-9D79-4636-BE5E-A9B817B70430}.Debug|Any CPU.ActiveCfg = Debug|Any CPU
		{4CEC57AE-9D79-4636-BE5E-A9B817B70430}.Debug|Any CPU.Build.0 = Debug|Any CPU
		{4CEC57AE-9D79-4636-BE5E-A9B817B70430}.Release|Any CPU.ActiveCfg = Release|Any CPU
		{4CEC57AE-9D79-4636-BE5E-A9B817B70430}.Release|Any CPU.Build.0 = Release|Any CPU
	EndGlobalSection
	GlobalSection(SolutionProperties) = preSolution
		HideSolutionNode = FALSE
	EndGlobalSection
	GlobalSection(ExtensibilityGlobals) = postSolution
		SolutionGuid = {FFD00601-151C-4216-9B82-352937D8C257}
	EndGlobalSection
EndGlobal
